
Microsoft Visual Studio Solution File, Format Version 12.00
# Visual Studio Version 17
VisualStudioVersion = 17.7.34221.43
MinimumVisualStudioVersion = 10.0.40219.1
Project("{8BC9CEB8-8B4A-11D0-8D11-00A0C91BC942}") = "2ndTermProject", "2ndTermProject\2ndTermProject.vcxproj", "{FB975A4A-CF50-4601-9373-A169BAA8E266}"
EndProject
Global
	GlobalSection(SolutionConfigurationPlatforms) = preSolution
		Debug|x64 = Debug|x64
		Debug|x86 = Debug|x86
		Release|x64 = Release|x64
		Release|x86 = Release|x86
	EndGlobalSection
	GlobalSection(ProjectConfigurationPlatforms) = postSolution
		{FB975A4A-CF50-4601-9373-A169BAA8E266}.Debug|x64.ActiveCfg = Debug|x64
		{FB975A4A-CF50-4601-9373-A169BAA8E266}.Debug|x64.Build.0 = Debug|x64
		{FB975A4A-CF50-4601-9373-A169BAA8E266}.Debug|x86.ActiveCfg = Debug|Win32
		{FB975A4A-CF50-4601-9373-A169BAA8E266}.Debug|x86.Build.0 = Debug|Win32
		{FB975A4A-CF50-4601-9373-A169BAA8E266}.Release|x64.ActiveCfg = Release|x64
		{FB975A4A-CF50-4601-9373-A169BAA8E266}.Release|x64.Build.0 = Release|x64
		{FB975A4A-CF50-4601-9373-A169BAA8E266}.Release|x86.ActiveCfg = Release|Win32
		{FB975A4A-CF50-4601-9373-A169BAA8E266}.Release|x86.Build.0 = Release|Win32
	EndGlobalSection
	GlobalSection(SolutionProperties) = preSolution
		HideSolutionNode = FALSE
	EndGlobalSection
	GlobalSection(ExtensibilityGlobals) = postSolution
		SolutionGuid = {10079612-E7BF-4A1C-9A5B-00BA555B3F71}
	EndGlobalSection
EndGlobal
